
Microsoft Visual Studio Solution File, Format Version 12.00
# Visual Studio Version 16
VisualStudioVersion = 16.0.30128.36
MinimumVisualStudioVersion = 10.0.40219.1
Project("{FAE04EC0-301F-11D3-BF4B-00C04F79EFBC}") = "ItemInfoConverter", "ItemInfoConverter\ItemInfoConverter.csproj", "{B489E144-5928-4640-8653-45FE20631DA9}"
EndProject
Global
	GlobalSection(SolutionConfigurationPlatforms) = preSolution
		Debug|Any CPU = Debug|Any CPU
		Release|Any CPU = Release|Any CPU
	EndGlobalSection
	GlobalSection(ProjectConfigurationPlatforms) = postSolution
		{B489E144-5928-4640-8653-45FE20631DA9}.Debug|Any CPU.ActiveCfg = Debug|Any CPU
		{B489E144-5928-4640-8653-45FE20631DA9}.Debug|Any CPU.Build.0 = Debug|Any CPU
		{B489E144-5928-4640-8653-45FE20631DA9}.Release|Any CPU.ActiveCfg = Release|Any CPU
		{B489E144-5928-4640-8653-45FE20631DA9}.Release|Any CPU.Build.0 = Release|Any CPU
	EndGlobalSection
	GlobalSection(SolutionProperties) = preSolution
		HideSolutionNode = FALSE
	EndGlobalSection
	GlobalSection(ExtensibilityGlobals) = postSolution
		SolutionGuid = {5C3987E0-7660-4446-8DFE-4EC6B987A160}
	EndGlobalSection
EndGlobal
